// !$*UTF8*$!
{
	archiveVersion = 1;
	classes = {
	};
	objectVersion = 56;
	objects = {

/* Begin PBXBuildFile section */
		4B4D748596E5ACE31AA5CBC2 /* Pods_PetSampleApp_PetSampleAppUITests.framework in Frameworks */ = {isa = PBXBuildFile; fileRef = 9C219DB287BF126DDB1E4CCC /* Pods_PetSampleApp_PetSampleAppUITests.framework */; };
		AFB1ACF484B3A8CEA09D07A9 /* Pods_PetSampleApp.framework in Frameworks */ = {isa = PBXBuildFile; fileRef = A0F78BC8592C182A41A3B880 /* Pods_PetSampleApp.framework */; };
		C678A622290EEFCA0007DAF6 /* AppDelegate.swift in Sources */ = {isa = PBXBuildFile; fileRef = C678A621290EEFCA0007DAF6 /* AppDelegate.swift */; };
		C678A624290EEFCA0007DAF6 /* SceneDelegate.swift in Sources */ = {isa = PBXBuildFile; fileRef = C678A623290EEFCA0007DAF6 /* SceneDelegate.swift */; };
		C678A629290EEFCA0007DAF6 /* Main.storyboard in Resources */ = {isa = PBXBuildFile; fileRef = C678A627290EEFCA0007DAF6 /* Main.storyboard */; };
		C678A62B290EEFCB0007DAF6 /* Assets.xcassets in Resources */ = {isa = PBXBuildFile; fileRef = C678A62A290EEFCB0007DAF6 /* Assets.xcassets */; };
		C678A62E290EEFCB0007DAF6 /* LaunchScreen.storyboard in Resources */ = {isa = PBXBuildFile; fileRef = C678A62C290EEFCB0007DAF6 /* LaunchScreen.storyboard */; };
		C678A639290EEFCB0007DAF6 /* PetsViewModelTests.swift in Sources */ = {isa = PBXBuildFile; fileRef = C678A638290EEFCB0007DAF6 /* PetsViewModelTests.swift */; };
		C678A643290EEFCB0007DAF6 /* PetSampleAppUITests.swift in Sources */ = {isa = PBXBuildFile; fileRef = C678A642290EEFCB0007DAF6 /* PetSampleAppUITests.swift */; };
		C678A645290EEFCB0007DAF6 /* PetSampleAppUITestsLaunchTests.swift in Sources */ = {isa = PBXBuildFile; fileRef = C678A644290EEFCB0007DAF6 /* PetSampleAppUITestsLaunchTests.swift */; };
		C6DECDF6290EF397002FAE23 /* PetThumbnailDisplaying.swift in Sources */ = {isa = PBXBuildFile; fileRef = C6DECDEC290EF397002FAE23 /* PetThumbnailDisplaying.swift */; };
		C6DECDF7290EF397002FAE23 /* Sectionable.swift in Sources */ = {isa = PBXBuildFile; fileRef = C6DECDED290EF397002FAE23 /* Sectionable.swift */; };
		C6DECDF8290EF397002FAE23 /* LoadingView.xib in Resources */ = {isa = PBXBuildFile; fileRef = C6DECDF0290EF397002FAE23 /* LoadingView.xib */; };
		C6DECDF9290EF397002FAE23 /* LoadingView.swift in Sources */ = {isa = PBXBuildFile; fileRef = C6DECDF1290EF397002FAE23 /* LoadingView.swift */; };
		C6DECDFA290EF397002FAE23 /* CircularThumbnailView.swift in Sources */ = {isa = PBXBuildFile; fileRef = C6DECDF2290EF397002FAE23 /* CircularThumbnailView.swift */; };
		C6DECDFB290EF397002FAE23 /* UIView.swift in Sources */ = {isa = PBXBuildFile; fileRef = C6DECDF4290EF397002FAE23 /* UIView.swift */; };
		C6DECDFC290EF397002FAE23 /* Observable.swift in Sources */ = {isa = PBXBuildFile; fileRef = C6DECDF5290EF397002FAE23 /* Observable.swift */; };
		C6DECE17290EF3AB002FAE23 /* Location.swift in Sources */ = {isa = PBXBuildFile; fileRef = C6DECDFE290EF3AB002FAE23 /* Location.swift */; };
		C6DECE18290EF3AB002FAE23 /* StatusCode.swift in Sources */ = {isa = PBXBuildFile; fileRef = C6DECDFF290EF3AB002FAE23 /* StatusCode.swift */; };
		C6DECE19290EF3AB002FAE23 /* LoadingState.swift in Sources */ = {isa = PBXBuildFile; fileRef = C6DECE00290EF3AB002FAE23 /* LoadingState.swift */; };
		C6DECE1A290EF3AB002FAE23 /* Navigation.swift in Sources */ = {isa = PBXBuildFile; fileRef = C6DECE01290EF3AB002FAE23 /* Navigation.swift */; };
		C6DECE1B290EF3AB002FAE23 /* OAuth.swift in Sources */ = {isa = PBXBuildFile; fileRef = C6DECE02290EF3AB002FAE23 /* OAuth.swift */; };
		C6DECE1C290EF3AB002FAE23 /* Method.swift in Sources */ = {isa = PBXBuildFile; fileRef = C6DECE03290EF3AB002FAE23 /* Method.swift */; };
		C6DECE1D290EF3AB002FAE23 /* Header.swift in Sources */ = {isa = PBXBuildFile; fileRef = C6DECE04290EF3AB002FAE23 /* Header.swift */; };
		C6DECE1E290EF3AB002FAE23 /* Pet.swift in Sources */ = {isa = PBXBuildFile; fileRef = C6DECE05290EF3AB002FAE23 /* Pet.swift */; };
		C6DECE1F290EF3AB002FAE23 /* Endpoint.swift in Sources */ = {isa = PBXBuildFile; fileRef = C6DECE06290EF3AB002FAE23 /* Endpoint.swift */; };
		C6DECE20290EF3AB002FAE23 /* ImageCacheService.swift in Sources */ = {isa = PBXBuildFile; fileRef = C6DECE08290EF3AB002FAE23 /* ImageCacheService.swift */; };
		C6DECE21290EF3AB002FAE23 /* NetworkService.swift in Sources */ = {isa = PBXBuildFile; fileRef = C6DECE09290EF3AB002FAE23 /* NetworkService.swift */; };
		C6DECE22290EF3AB002FAE23 /* PetAPIService.swift in Sources */ = {isa = PBXBuildFile; fileRef = C6DECE0A290EF3AB002FAE23 /* PetAPIService.swift */; };
		C6DECE23290EF3AB002FAE23 /* MediaService.swift in Sources */ = {isa = PBXBuildFile; fileRef = C6DECE0B290EF3AB002FAE23 /* MediaService.swift */; };
		C6DECE24290EF3AB002FAE23 /* LocationService.swift in Sources */ = {isa = PBXBuildFile; fileRef = C6DECE0C290EF3AB002FAE23 /* LocationService.swift */; };
		C6DECE25290EF3AB002FAE23 /* Navigator.swift in Sources */ = {isa = PBXBuildFile; fileRef = C6DECE0D290EF3AB002FAE23 /* Navigator.swift */; };
		C6DECE26290EF3AB002FAE23 /* PetNavigationController.swift in Sources */ = {isa = PBXBuildFile; fileRef = C6DECE10290EF3AB002FAE23 /* PetNavigationController.swift */; };
		C6DECE27290EF3AB002FAE23 /* PetDetailsViewController.swift in Sources */ = {isa = PBXBuildFile; fileRef = C6DECE12290EF3AB002FAE23 /* PetDetailsViewController.swift */; };
		C6DECE28290EF3AB002FAE23 /* PetDetailsViewModel.swift in Sources */ = {isa = PBXBuildFile; fileRef = C6DECE13290EF3AB002FAE23 /* PetDetailsViewModel.swift */; };
		C6DECE29290EF3AB002FAE23 /* PetsViewModel.swift in Sources */ = {isa = PBXBuildFile; fileRef = C6DECE15290EF3AB002FAE23 /* PetsViewModel.swift */; };
		C6DECE2A290EF3AB002FAE23 /* PetsViewController.swift in Sources */ = {isa = PBXBuildFile; fileRef = C6DECE16290EF3AB002FAE23 /* PetsViewController.swift */; };
		FF1147BFB062A4FF93594BD1 /* Pods_PetSampleAppTests.framework in Frameworks */ = {isa = PBXBuildFile; fileRef = D490B1506BA686496CFB5AC7 /* Pods_PetSampleAppTests.framework */; };
/* End PBXBuildFile section */

/* Begin PBXContainerItemProxy section */
		C678A635290EEFCB0007DAF6 /* PBXContainerItemProxy */ = {
			isa = PBXContainerItemProxy;
			containerPortal = C678A616290EEFCA0007DAF6 /* Project object */;
			proxyType = 1;
			remoteGlobalIDString = C678A61D290EEFCA0007DAF6;
			remoteInfo = PetSampleApp;
		};
		C678A63F290EEFCB0007DAF6 /* PBXContainerItemProxy */ = {
			isa = PBXContainerItemProxy;
			containerPortal = C678A616290EEFCA0007DAF6 /* Project object */;
			proxyType = 1;
			remoteGlobalIDString = C678A61D290EEFCA0007DAF6;
			remoteInfo = PetSampleApp;
		};
/* End PBXContainerItemProxy section */

/* Begin PBXFileReference section */
		0014CFCB803341F18F258638 /* Pods-PetSampleApp-PetSampleAppUITests.debug.xcconfig */ = {isa = PBXFileReference; includeInIndex = 1; lastKnownFileType = text.xcconfig; name = "Pods-PetSampleApp-PetSampleAppUITests.debug.xcconfig"; path = "Target Support Files/Pods-PetSampleApp-PetSampleAppUITests/Pods-PetSampleApp-PetSampleAppUITests.debug.xcconfig"; sourceTree = "<group>"; };
		3020512841BC17C744621D2D /* Pods-PetSampleApp.debug.xcconfig */ = {isa = PBXFileReference; includeInIndex = 1; lastKnownFileType = text.xcconfig; name = "Pods-PetSampleApp.debug.xcconfig"; path = "Target Support Files/Pods-PetSampleApp/Pods-PetSampleApp.debug.xcconfig"; sourceTree = "<group>"; };
		907B8DBEEFB51C809345219F /* Pods-PetSampleApp.release.xcconfig */ = {isa = PBXFileReference; includeInIndex = 1; lastKnownFileType = text.xcconfig; name = "Pods-PetSampleApp.release.xcconfig"; path = "Target Support Files/Pods-PetSampleApp/Pods-PetSampleApp.release.xcconfig"; sourceTree = "<group>"; };
		9C219DB287BF126DDB1E4CCC /* Pods_PetSampleApp_PetSampleAppUITests.framework */ = {isa = PBXFileReference; explicitFileType = wrapper.framework; includeInIndex = 0; path = Pods_PetSampleApp_PetSampleAppUITests.framework; sourceTree = BUILT_PRODUCTS_DIR; };
		A0F78BC8592C182A41A3B880 /* Pods_PetSampleApp.framework */ = {isa = PBXFileReference; explicitFileType = wrapper.framework; includeInIndex = 0; path = Pods_PetSampleApp.framework; sourceTree = BUILT_PRODUCTS_DIR; };
		BF31DB21B27596A943139C98 /* Pods-PetSampleApp-PetSampleAppUITests.release.xcconfig */ = {isa = PBXFileReference; includeInIndex = 1; lastKnownFileType = text.xcconfig; name = "Pods-PetSampleApp-PetSampleAppUITests.release.xcconfig"; path = "Target Support Files/Pods-PetSampleApp-PetSampleAppUITests/Pods-PetSampleApp-PetSampleAppUITests.release.xcconfig"; sourceTree = "<group>"; };
		C3DC0839A6C85141828309FB /* Pods-PetSampleAppTests.release.xcconfig */ = {isa = PBXFileReference; includeInIndex = 1; lastKnownFileType = text.xcconfig; name = "Pods-PetSampleAppTests.release.xcconfig"; path = "Target Support Files/Pods-PetSampleAppTests/Pods-PetSampleAppTests.release.xcconfig"; sourceTree = "<group>"; };
		C678A61E290EEFCA0007DAF6 /* PetSampleApp.app */ = {isa = PBXFileReference; explicitFileType = wrapper.application; includeInIndex = 0; path = PetSampleApp.app; sourceTree = BUILT_PRODUCTS_DIR; };
		C678A621290EEFCA0007DAF6 /* AppDelegate.swift */ = {isa = PBXFileReference; lastKnownFileType = sourcecode.swift; path = AppDelegate.swift; sourceTree = "<group>"; };
		C678A623290EEFCA0007DAF6 /* SceneDelegate.swift */ = {isa = PBXFileReference; lastKnownFileType = sourcecode.swift; path = SceneDelegate.swift; sourceTree = "<group>"; };
		C678A628290EEFCA0007DAF6 /* Base */ = {isa = PBXFileReference; lastKnownFileType = file.storyboard; name = Base; path = Base.lproj/Main.storyboard; sourceTree = "<group>"; };
		C678A62A290EEFCB0007DAF6 /* Assets.xcassets */ = {isa = PBXFileReference; lastKnownFileType = folder.assetcatalog; path = Assets.xcassets; sourceTree = "<group>"; };
		C678A62D290EEFCB0007DAF6 /* Base */ = {isa = PBXFileReference; lastKnownFileType = file.storyboard; name = Base; path = Base.lproj/LaunchScreen.storyboard; sourceTree = "<group>"; };
		C678A62F290EEFCB0007DAF6 /* Info.plist */ = {isa = PBXFileReference; lastKnownFileType = text.plist.xml; path = Info.plist; sourceTree = "<group>"; };
		C678A634290EEFCB0007DAF6 /* PetSampleAppTests.xctest */ = {isa = PBXFileReference; explicitFileType = wrapper.cfbundle; includeInIndex = 0; path = PetSampleAppTests.xctest; sourceTree = BUILT_PRODUCTS_DIR; };
		C678A638290EEFCB0007DAF6 /* PetsViewModelTests.swift */ = {isa = PBXFileReference; lastKnownFileType = sourcecode.swift; path = PetsViewModelTests.swift; sourceTree = "<group>"; };
		C678A63E290EEFCB0007DAF6 /* PetSampleAppUITests.xctest */ = {isa = PBXFileReference; explicitFileType = wrapper.cfbundle; includeInIndex = 0; path = PetSampleAppUITests.xctest; sourceTree = BUILT_PRODUCTS_DIR; };
		C678A642290EEFCB0007DAF6 /* PetSampleAppUITests.swift */ = {isa = PBXFileReference; lastKnownFileType = sourcecode.swift; path = PetSampleAppUITests.swift; sourceTree = "<group>"; };
		C678A644290EEFCB0007DAF6 /* PetSampleAppUITestsLaunchTests.swift */ = {isa = PBXFileReference; lastKnownFileType = sourcecode.swift; path = PetSampleAppUITestsLaunchTests.swift; sourceTree = "<group>"; };
		C6DECDEC290EF397002FAE23 /* PetThumbnailDisplaying.swift */ = {isa = PBXFileReference; fileEncoding = 4; lastKnownFileType = sourcecode.swift; path = PetThumbnailDisplaying.swift; sourceTree = "<group>"; };
		C6DECDED290EF397002FAE23 /* Sectionable.swift */ = {isa = PBXFileReference; fileEncoding = 4; lastKnownFileType = sourcecode.swift; path = Sectionable.swift; sourceTree = "<group>"; };
		C6DECDF0290EF397002FAE23 /* LoadingView.xib */ = {isa = PBXFileReference; fileEncoding = 4; lastKnownFileType = file.xib; path = LoadingView.xib; sourceTree = "<group>"; };
		C6DECDF1290EF397002FAE23 /* LoadingView.swift */ = {isa = PBXFileReference; fileEncoding = 4; lastKnownFileType = sourcecode.swift; path = LoadingView.swift; sourceTree = "<group>"; };
		C6DECDF2290EF397002FAE23 /* CircularThumbnailView.swift */ = {isa = PBXFileReference; fileEncoding = 4; lastKnownFileType = sourcecode.swift; path = CircularThumbnailView.swift; sourceTree = "<group>"; };
		C6DECDF4290EF397002FAE23 /* UIView.swift */ = {isa = PBXFileReference; fileEncoding = 4; lastKnownFileType = sourcecode.swift; path = UIView.swift; sourceTree = "<group>"; };
		C6DECDF5290EF397002FAE23 /* Observable.swift */ = {isa = PBXFileReference; fileEncoding = 4; lastKnownFileType = sourcecode.swift; path = Observable.swift; sourceTree = "<group>"; };
		C6DECDFE290EF3AB002FAE23 /* Location.swift */ = {isa = PBXFileReference; fileEncoding = 4; lastKnownFileType = sourcecode.swift; path = Location.swift; sourceTree = "<group>"; };
		C6DECDFF290EF3AB002FAE23 /* StatusCode.swift */ = {isa = PBXFileReference; fileEncoding = 4; lastKnownFileType = sourcecode.swift; path = StatusCode.swift; sourceTree = "<group>"; };
		C6DECE00290EF3AB002FAE23 /* LoadingState.swift */ = {isa = PBXFileReference; fileEncoding = 4; lastKnownFileType = sourcecode.swift; path = LoadingState.swift; sourceTree = "<group>"; };
		C6DECE01290EF3AB002FAE23 /* Navigation.swift */ = {isa = PBXFileReference; fileEncoding = 4; lastKnownFileType = sourcecode.swift; path = Navigation.swift; sourceTree = "<group>"; };
		C6DECE02290EF3AB002FAE23 /* OAuth.swift */ = {isa = PBXFileReference; fileEncoding = 4; lastKnownFileType = sourcecode.swift; path = OAuth.swift; sourceTree = "<group>"; };
		C6DECE03290EF3AB002FAE23 /* Method.swift */ = {isa = PBXFileReference; fileEncoding = 4; lastKnownFileType = sourcecode.swift; path = Method.swift; sourceTree = "<group>"; };
		C6DECE04290EF3AB002FAE23 /* Header.swift */ = {isa = PBXFileReference; fileEncoding = 4; lastKnownFileType = sourcecode.swift; path = Header.swift; sourceTree = "<group>"; };
		C6DECE05290EF3AB002FAE23 /* Pet.swift */ = {isa = PBXFileReference; fileEncoding = 4; lastKnownFileType = sourcecode.swift; path = Pet.swift; sourceTree = "<group>"; };
		C6DECE06290EF3AB002FAE23 /* Endpoint.swift */ = {isa = PBXFileReference; fileEncoding = 4; lastKnownFileType = sourcecode.swift; path = Endpoint.swift; sourceTree = "<group>"; };
		C6DECE08290EF3AB002FAE23 /* ImageCacheService.swift */ = {isa = PBXFileReference; fileEncoding = 4; lastKnownFileType = sourcecode.swift; path = ImageCacheService.swift; sourceTree = "<group>"; };
		C6DECE09290EF3AB002FAE23 /* NetworkService.swift */ = {isa = PBXFileReference; fileEncoding = 4; lastKnownFileType = sourcecode.swift; path = NetworkService.swift; sourceTree = "<group>"; };
		C6DECE0A290EF3AB002FAE23 /* PetAPIService.swift */ = {isa = PBXFileReference; fileEncoding = 4; lastKnownFileType = sourcecode.swift; path = PetAPIService.swift; sourceTree = "<group>"; };
		C6DECE0B290EF3AB002FAE23 /* MediaService.swift */ = {isa = PBXFileReference; fileEncoding = 4; lastKnownFileType = sourcecode.swift; path = MediaService.swift; sourceTree = "<group>"; };
		C6DECE0C290EF3AB002FAE23 /* LocationService.swift */ = {isa = PBXFileReference; fileEncoding = 4; lastKnownFileType = sourcecode.swift; path = LocationService.swift; sourceTree = "<group>"; };
		C6DECE0D290EF3AB002FAE23 /* Navigator.swift */ = {isa = PBXFileReference; fileEncoding = 4; lastKnownFileType = sourcecode.swift; path = Navigator.swift; sourceTree = "<group>"; };
		C6DECE10290EF3AB002FAE23 /* PetNavigationController.swift */ = {isa = PBXFileReference; fileEncoding = 4; lastKnownFileType = sourcecode.swift; path = PetNavigationController.swift; sourceTree = "<group>"; };
		C6DECE12290EF3AB002FAE23 /* PetDetailsViewController.swift */ = {isa = PBXFileReference; fileEncoding = 4; lastKnownFileType = sourcecode.swift; path = PetDetailsViewController.swift; sourceTree = "<group>"; };
		C6DECE13290EF3AB002FAE23 /* PetDetailsViewModel.swift */ = {isa = PBXFileReference; fileEncoding = 4; lastKnownFileType = sourcecode.swift; path = PetDetailsViewModel.swift; sourceTree = "<group>"; };
		C6DECE15290EF3AB002FAE23 /* PetsViewModel.swift */ = {isa = PBXFileReference; fileEncoding = 4; lastKnownFileType = sourcecode.swift; path = PetsViewModel.swift; sourceTree = "<group>"; };
		C6DECE16290EF3AB002FAE23 /* PetsViewController.swift */ = {isa = PBXFileReference; fileEncoding = 4; lastKnownFileType = sourcecode.swift; path = PetsViewController.swift; sourceTree = "<group>"; };
		D490B1506BA686496CFB5AC7 /* Pods_PetSampleAppTests.framework */ = {isa = PBXFileReference; explicitFileType = wrapper.framework; includeInIndex = 0; path = Pods_PetSampleAppTests.framework; sourceTree = BUILT_PRODUCTS_DIR; };
		E8F0F48409D0A93ED034AB71 /* Pods-PetSampleAppTests.debug.xcconfig */ = {isa = PBXFileReference; includeInIndex = 1; lastKnownFileType = text.xcconfig; name = "Pods-PetSampleAppTests.debug.xcconfig"; path = "Target Support Files/Pods-PetSampleAppTests/Pods-PetSampleAppTests.debug.xcconfig"; sourceTree = "<group>"; };
/* End PBXFileReference section */

/* Begin PBXFrameworksBuildPhase section */
		C678A61B290EEFCA0007DAF6 /* Frameworks */ = {
			isa = PBXFrameworksBuildPhase;
			buildActionMask = 2147483647;
			files = (
				AFB1ACF484B3A8CEA09D07A9 /* Pods_PetSampleApp.framework in Frameworks */,
			);
			runOnlyForDeploymentPostprocessing = 0;
		};
		C678A631290EEFCB0007DAF6 /* Frameworks */ = {
			isa = PBXFrameworksBuildPhase;
			buildActionMask = 2147483647;
			files = (
				FF1147BFB062A4FF93594BD1 /* Pods_PetSampleAppTests.framework in Frameworks */,
			);
			runOnlyForDeploymentPostprocessing = 0;
		};
		C678A63B290EEFCB0007DAF6 /* Frameworks */ = {
			isa = PBXFrameworksBuildPhase;
			buildActionMask = 2147483647;
			files = (
				4B4D748596E5ACE31AA5CBC2 /* Pods_PetSampleApp_PetSampleAppUITests.framework in Frameworks */,
			);
			runOnlyForDeploymentPostprocessing = 0;
		};
/* End PBXFrameworksBuildPhase section */

/* Begin PBXGroup section */
		66D7D384C0485CE048DAF786 /* Pods */ = {
			isa = PBXGroup;
			children = (
				3020512841BC17C744621D2D /* Pods-PetSampleApp.debug.xcconfig */,
				907B8DBEEFB51C809345219F /* Pods-PetSampleApp.release.xcconfig */,
				0014CFCB803341F18F258638 /* Pods-PetSampleApp-PetSampleAppUITests.debug.xcconfig */,
				BF31DB21B27596A943139C98 /* Pods-PetSampleApp-PetSampleAppUITests.release.xcconfig */,
				E8F0F48409D0A93ED034AB71 /* Pods-PetSampleAppTests.debug.xcconfig */,
				C3DC0839A6C85141828309FB /* Pods-PetSampleAppTests.release.xcconfig */,
			);
			path = Pods;
			sourceTree = "<group>";
		};
		C678A615290EEFCA0007DAF6 = {
			isa = PBXGroup;
			children = (
				C678A620290EEFCA0007DAF6 /* PetSampleApp */,
				C678A637290EEFCB0007DAF6 /* PetSampleAppTests */,
				C678A641290EEFCB0007DAF6 /* PetSampleAppUITests */,
				C678A61F290EEFCA0007DAF6 /* Products */,
				66D7D384C0485CE048DAF786 /* Pods */,
				F7374420C334D9724FC100A6 /* Frameworks */,
			);
			sourceTree = "<group>";
		};
		C678A61F290EEFCA0007DAF6 /* Products */ = {
			isa = PBXGroup;
			children = (
				C678A61E290EEFCA0007DAF6 /* PetSampleApp.app */,
				C678A634290EEFCB0007DAF6 /* PetSampleAppTests.xctest */,
				C678A63E290EEFCB0007DAF6 /* PetSampleAppUITests.xctest */,
			);
			name = Products;
			sourceTree = "<group>";
		};
		C678A620290EEFCA0007DAF6 /* PetSampleApp */ = {
			isa = PBXGroup;
			children = (
				C6DECE07290EF3AB002FAE23 /* Services */,
				C6DECDFD290EF3AB002FAE23 /* Structs */,
				C6DECE0E290EF3AB002FAE23 /* UI */,
				C6DECDE4290EF346002FAE23 /* Storyboards */,
				C6DECDEE290EF397002FAE23 /* Custom Views */,
				C6DECDF3290EF397002FAE23 /* Extensions */,
				C6DECDEB290EF397002FAE23 /* Helpers */,
				C6DECDE3290EF325002FAE23 /* Boilerplate */,
				C678A62A290EEFCB0007DAF6 /* Assets.xcassets */,
				C678A62F290EEFCB0007DAF6 /* Info.plist */,
			);
			path = PetSampleApp;
			sourceTree = "<group>";
		};
		C678A637290EEFCB0007DAF6 /* PetSampleAppTests */ = {
			isa = PBXGroup;
			children = (
				C678A638290EEFCB0007DAF6 /* PetsViewModelTests.swift */,
			);
			path = PetSampleAppTests;
			sourceTree = "<group>";
		};
		C678A641290EEFCB0007DAF6 /* PetSampleAppUITests */ = {
			isa = PBXGroup;
			children = (
				C678A642290EEFCB0007DAF6 /* PetSampleAppUITests.swift */,
				C678A644290EEFCB0007DAF6 /* PetSampleAppUITestsLaunchTests.swift */,
			);
			path = PetSampleAppUITests;
			sourceTree = "<group>";
		};
		C6DECDE3290EF325002FAE23 /* Boilerplate */ = {
			isa = PBXGroup;
			children = (
				C678A621290EEFCA0007DAF6 /* AppDelegate.swift */,
				C678A623290EEFCA0007DAF6 /* SceneDelegate.swift */,
			);
			path = Boilerplate;
			sourceTree = "<group>";
		};
		C6DECDE4290EF346002FAE23 /* Storyboards */ = {
			isa = PBXGroup;
			children = (
				C678A627290EEFCA0007DAF6 /* Main.storyboard */,
				C678A62C290EEFCB0007DAF6 /* LaunchScreen.storyboard */,
			);
			path = Storyboards;
			sourceTree = "<group>";
		};
		C6DECDEB290EF397002FAE23 /* Helpers */ = {
			isa = PBXGroup;
			children = (
				C6DECDEC290EF397002FAE23 /* PetThumbnailDisplaying.swift */,
				C6DECDED290EF397002FAE23 /* Sectionable.swift */,
			);
			path = Helpers;
			sourceTree = "<group>";
		};
		C6DECDEE290EF397002FAE23 /* Custom Views */ = {
			isa = PBXGroup;
			children = (
				C6DECDEF290EF397002FAE23 /* LoadingView */,
				C6DECDF2290EF397002FAE23 /* CircularThumbnailView.swift */,
			);
			path = "Custom Views";
			sourceTree = "<group>";
		};
		C6DECDEF290EF397002FAE23 /* LoadingView */ = {
			isa = PBXGroup;
			children = (
				C6DECDF0290EF397002FAE23 /* LoadingView.xib */,
				C6DECDF1290EF397002FAE23 /* LoadingView.swift */,
			);
			path = LoadingView;
			sourceTree = "<group>";
		};
		C6DECDF3290EF397002FAE23 /* Extensions */ = {
			isa = PBXGroup;
			children = (
				C6DECDF4290EF397002FAE23 /* UIView.swift */,
				C6DECDF5290EF397002FAE23 /* Observable.swift */,
			);
			path = Extensions;
			sourceTree = "<group>";
		};
		C6DECDFD290EF3AB002FAE23 /* Structs */ = {
			isa = PBXGroup;
			children = (
				C6DECE05290EF3AB002FAE23 /* Pet.swift */,
				C6DECE00290EF3AB002FAE23 /* LoadingState.swift */,
				C6DECE01290EF3AB002FAE23 /* Navigation.swift */,
				C6DECE06290EF3AB002FAE23 /* Endpoint.swift */,
				C6DECE02290EF3AB002FAE23 /* OAuth.swift */,
				C6DECE04290EF3AB002FAE23 /* Header.swift */,
				C6DECDFF290EF3AB002FAE23 /* StatusCode.swift */,
				C6DECE03290EF3AB002FAE23 /* Method.swift */,
				C6DECDFE290EF3AB002FAE23 /* Location.swift */,
			);
			path = Structs;
			sourceTree = "<group>";
		};
		C6DECE07290EF3AB002FAE23 /* Services */ = {
			isa = PBXGroup;
			children = (
				C6DECE0D290EF3AB002FAE23 /* Navigator.swift */,
				C6DECE0A290EF3AB002FAE23 /* PetAPIService.swift */,
				C6DECE09290EF3AB002FAE23 /* NetworkService.swift */,
				C6DECE08290EF3AB002FAE23 /* ImageCacheService.swift */,
				C6DECE0B290EF3AB002FAE23 /* MediaService.swift */,
				C6DECE0C290EF3AB002FAE23 /* LocationService.swift */,
			);
			path = Services;
			sourceTree = "<group>";
		};
		C6DECE0E290EF3AB002FAE23 /* UI */ = {
			isa = PBXGroup;
			children = (
				C6DECE0F290EF3AB002FAE23 /* Pets */,
			);
			path = UI;
			sourceTree = "<group>";
		};
		C6DECE0F290EF3AB002FAE23 /* Pets */ = {
			isa = PBXGroup;
			children = (
				C6DECE10290EF3AB002FAE23 /* PetNavigationController.swift */,
				C6DECE14290EF3AB002FAE23 /* List */,
				C6DECE11290EF3AB002FAE23 /* Details */,
			);
			path = Pets;
			sourceTree = "<group>";
		};
		C6DECE11290EF3AB002FAE23 /* Details */ = {
			isa = PBXGroup;
			children = (
				C6DECE13290EF3AB002FAE23 /* PetDetailsViewModel.swift */,
				C6DECE12290EF3AB002FAE23 /* PetDetailsViewController.swift */,
			);
			path = Details;
			sourceTree = "<group>";
		};
		C6DECE14290EF3AB002FAE23 /* List */ = {
			isa = PBXGroup;
			children = (
				C6DECE15290EF3AB002FAE23 /* PetsViewModel.swift */,
				C6DECE16290EF3AB002FAE23 /* PetsViewController.swift */,
			);
			path = List;
			sourceTree = "<group>";
		};
		F7374420C334D9724FC100A6 /* Frameworks */ = {
			isa = PBXGroup;
			children = (
				A0F78BC8592C182A41A3B880 /* Pods_PetSampleApp.framework */,
				9C219DB287BF126DDB1E4CCC /* Pods_PetSampleApp_PetSampleAppUITests.framework */,
				D490B1506BA686496CFB5AC7 /* Pods_PetSampleAppTests.framework */,
			);
			name = Frameworks;
			sourceTree = "<group>";
		};
/* End PBXGroup section */

/* Begin PBXNativeTarget section */
		C678A61D290EEFCA0007DAF6 /* PetSampleApp */ = {
			isa = PBXNativeTarget;
			buildConfigurationList = C678A648290EEFCB0007DAF6 /* Build configuration list for PBXNativeTarget "PetSampleApp" */;
			buildPhases = (
				2B341DDCE5C13071035436D9 /* [CP] Check Pods Manifest.lock */,
				C678A61A290EEFCA0007DAF6 /* Sources */,
				C678A61B290EEFCA0007DAF6 /* Frameworks */,
				C678A61C290EEFCA0007DAF6 /* Resources */,
				9C452553794D81A1858AB6FF /* [CP] Embed Pods Frameworks */,
			);
			buildRules = (
			);
			dependencies = (
			);
			name = PetSampleApp;
			productName = PetSampleApp;
			productReference = C678A61E290EEFCA0007DAF6 /* PetSampleApp.app */;
			productType = "com.apple.product-type.application";
		};
		C678A633290EEFCB0007DAF6 /* PetSampleAppTests */ = {
			isa = PBXNativeTarget;
			buildConfigurationList = C678A64B290EEFCB0007DAF6 /* Build configuration list for PBXNativeTarget "PetSampleAppTests" */;
			buildPhases = (
				FA014744BF3C1B429D0D5D5E /* [CP] Check Pods Manifest.lock */,
				C678A630290EEFCB0007DAF6 /* Sources */,
				C678A631290EEFCB0007DAF6 /* Frameworks */,
				C678A632290EEFCB0007DAF6 /* Resources */,
				7803507BB147F82B9EA3CA20 /* [CP] Embed Pods Frameworks */,
			);
			buildRules = (
			);
			dependencies = (
				C678A636290EEFCB0007DAF6 /* PBXTargetDependency */,
			);
			name = PetSampleAppTests;
			productName = PetSampleAppTests;
			productReference = C678A634290EEFCB0007DAF6 /* PetSampleAppTests.xctest */;
			productType = "com.apple.product-type.bundle.unit-test";
		};
		C678A63D290EEFCB0007DAF6 /* PetSampleAppUITests */ = {
			isa = PBXNativeTarget;
			buildConfigurationList = C678A64E290EEFCB0007DAF6 /* Build configuration list for PBXNativeTarget "PetSampleAppUITests" */;
			buildPhases = (
				F55A98F24B8C45D03F694467 /* [CP] Check Pods Manifest.lock */,
				C678A63A290EEFCB0007DAF6 /* Sources */,
				C678A63B290EEFCB0007DAF6 /* Frameworks */,
				C678A63C290EEFCB0007DAF6 /* Resources */,
				CADD7EDF255DDA44BF5756A5 /* [CP] Embed Pods Frameworks */,
			);
			buildRules = (
			);
			dependencies = (
				C678A640290EEFCB0007DAF6 /* PBXTargetDependency */,
			);
			name = PetSampleAppUITests;
			productName = PetSampleAppUITests;
			productReference = C678A63E290EEFCB0007DAF6 /* PetSampleAppUITests.xctest */;
			productType = "com.apple.product-type.bundle.ui-testing";
		};
/* End PBXNativeTarget section */

/* Begin PBXProject section */
		C678A616290EEFCA0007DAF6 /* Project object */ = {
			isa = PBXProject;
			attributes = {
				BuildIndependentTargetsInParallel = 1;
				LastSwiftUpdateCheck = 1400;
				LastUpgradeCheck = 1400;
				TargetAttributes = {
					C678A61D290EEFCA0007DAF6 = {
						CreatedOnToolsVersion = 14.0.1;
					};
					C678A633290EEFCB0007DAF6 = {
						CreatedOnToolsVersion = 14.0.1;
						TestTargetID = C678A61D290EEFCA0007DAF6;
					};
					C678A63D290EEFCB0007DAF6 = {
						CreatedOnToolsVersion = 14.0.1;
						TestTargetID = C678A61D290EEFCA0007DAF6;
					};
				};
			};
			buildConfigurationList = C678A619290EEFCA0007DAF6 /* Build configuration list for PBXProject "PetSampleApp" */;
			compatibilityVersion = "Xcode 14.0";
			developmentRegion = en;
			hasScannedForEncodings = 0;
			knownRegions = (
				en,
				Base,
			);
			mainGroup = C678A615290EEFCA0007DAF6;
			productRefGroup = C678A61F290EEFCA0007DAF6 /* Products */;
			projectDirPath = "";
			projectRoot = "";
			targets = (
				C678A61D290EEFCA0007DAF6 /* PetSampleApp */,
				C678A633290EEFCB0007DAF6 /* PetSampleAppTests */,
				C678A63D290EEFCB0007DAF6 /* PetSampleAppUITests */,
			);
		};
/* End PBXProject section */

/* Begin PBXResourcesBuildPhase section */
		C678A61C290EEFCA0007DAF6 /* Resources */ = {
			isa = PBXResourcesBuildPhase;
			buildActionMask = 2147483647;
			files = (
				C678A62E290EEFCB0007DAF6 /* LaunchScreen.storyboard in Resources */,
				C6DECDF8290EF397002FAE23 /* LoadingView.xib in Resources */,
				C678A62B290EEFCB0007DAF6 /* Assets.xcassets in Resources */,
				C678A629290EEFCA0007DAF6 /* Main.storyboard in Resources */,
			);
			runOnlyForDeploymentPostprocessing = 0;
		};
		C678A632290EEFCB0007DAF6 /* Resources */ = {
			isa = PBXResourcesBuildPhase;
			buildActionMask = 2147483647;
			files = (
			);
			runOnlyForDeploymentPostprocessing = 0;
		};
		C678A63C290EEFCB0007DAF6 /* Resources */ = {
			isa = PBXResourcesBuildPhase;
			buildActionMask = 2147483647;
			files = (
			);
			runOnlyForDeploymentPostprocessing = 0;
		};
/* End PBXResourcesBuildPhase section */

/* Begin PBXShellScriptBuildPhase section */
		2B341DDCE5C13071035436D9 /* [CP] Check Pods Manifest.lock */ = {
			isa = PBXShellScriptBuildPhase;
			buildActionMask = 2147483647;
			files = (
			);
			inputFileListPaths = (
			);
			inputPaths = (
				"${PODS_PODFILE_DIR_PATH}/Podfile.lock",
				"${PODS_ROOT}/Manifest.lock",
			);
			name = "[CP] Check Pods Manifest.lock";
			outputFileListPaths = (
			);
			outputPaths = (
				"$(DERIVED_FILE_DIR)/Pods-PetSampleApp-checkManifestLockResult.txt",
			);
			runOnlyForDeploymentPostprocessing = 0;
			shellPath = /bin/sh;
			shellScript = "diff \"${PODS_PODFILE_DIR_PATH}/Podfile.lock\" \"${PODS_ROOT}/Manifest.lock\" > /dev/null\nif [ $? != 0 ] ; then\n    # print error to STDERR\n    echo \"error: The sandbox is not in sync with the Podfile.lock. Run 'pod install' or update your CocoaPods installation.\" >&2\n    exit 1\nfi\n# This output is used by Xcode 'outputs' to avoid re-running this script phase.\necho \"SUCCESS\" > \"${SCRIPT_OUTPUT_FILE_0}\"\n";
			showEnvVarsInLog = 0;
		};
		7803507BB147F82B9EA3CA20 /* [CP] Embed Pods Frameworks */ = {
			isa = PBXShellScriptBuildPhase;
			buildActionMask = 2147483647;
			files = (
			);
			inputFileListPaths = (
				"${PODS_ROOT}/Target Support Files/Pods-PetSampleAppTests/Pods-PetSampleAppTests-frameworks-${CONFIGURATION}-input-files.xcfilelist",
			);
			name = "[CP] Embed Pods Frameworks";
			outputFileListPaths = (
				"${PODS_ROOT}/Target Support Files/Pods-PetSampleAppTests/Pods-PetSampleAppTests-frameworks-${CONFIGURATION}-output-files.xcfilelist",
			);
			runOnlyForDeploymentPostprocessing = 0;
			shellPath = /bin/sh;
			shellScript = "\"${PODS_ROOT}/Target Support Files/Pods-PetSampleAppTests/Pods-PetSampleAppTests-frameworks.sh\"\n";
			showEnvVarsInLog = 0;
		};
		9C452553794D81A1858AB6FF /* [CP] Embed Pods Frameworks */ = {
			isa = PBXShellScriptBuildPhase;
			buildActionMask = 2147483647;
			files = (
			);
			inputFileListPaths = (
				"${PODS_ROOT}/Target Support Files/Pods-PetSampleApp/Pods-PetSampleApp-frameworks-${CONFIGURATION}-input-files.xcfilelist",
			);
			name = "[CP] Embed Pods Frameworks";
			outputFileListPaths = (
				"${PODS_ROOT}/Target Support Files/Pods-PetSampleApp/Pods-PetSampleApp-frameworks-${CONFIGURATION}-output-files.xcfilelist",
			);
			runOnlyForDeploymentPostprocessing = 0;
			shellPath = /bin/sh;
			shellScript = "\"${PODS_ROOT}/Target Support Files/Pods-PetSampleApp/Pods-PetSampleApp-frameworks.sh\"\n";
			showEnvVarsInLog = 0;
		};
		CADD7EDF255DDA44BF5756A5 /* [CP] Embed Pods Frameworks */ = {
			isa = PBXShellScriptBuildPhase;
			buildActionMask = 2147483647;
			files = (
			);
			inputFileListPaths = (
				"${PODS_ROOT}/Target Support Files/Pods-PetSampleApp-PetSampleAppUITests/Pods-PetSampleApp-PetSampleAppUITests-frameworks-${CONFIGURATION}-input-files.xcfilelist",
			);
			name = "[CP] Embed Pods Frameworks";
			outputFileListPaths = (
				"${PODS_ROOT}/Target Support Files/Pods-PetSampleApp-PetSampleAppUITests/Pods-PetSampleApp-PetSampleAppUITests-frameworks-${CONFIGURATION}-output-files.xcfilelist",
			);
			runOnlyForDeploymentPostprocessing = 0;
			shellPath = /bin/sh;
			shellScript = "\"${PODS_ROOT}/Target Support Files/Pods-PetSampleApp-PetSampleAppUITests/Pods-PetSampleApp-PetSampleAppUITests-frameworks.sh\"\n";
			showEnvVarsInLog = 0;
		};
		F55A98F24B8C45D03F694467 /* [CP] Check Pods Manifest.lock */ = {
			isa = PBXShellScriptBuildPhase;
			buildActionMask = 2147483647;
			files = (
			);
			inputFileListPaths = (
			);
			inputPaths = (
				"${PODS_PODFILE_DIR_PATH}/Podfile.lock",
				"${PODS_ROOT}/Manifest.lock",
			);
			name = "[CP] Check Pods Manifest.lock";
			outputFileListPaths = (
			);
			outputPaths = (
				"$(DERIVED_FILE_DIR)/Pods-PetSampleApp-PetSampleAppUITests-checkManifestLockResult.txt",
			);
			runOnlyForDeploymentPostprocessing = 0;
			shellPath = /bin/sh;
			shellScript = "diff \"${PODS_PODFILE_DIR_PATH}/Podfile.lock\" \"${PODS_ROOT}/Manifest.lock\" > /dev/null\nif [ $? != 0 ] ; then\n    # print error to STDERR\n    echo \"error: The sandbox is not in sync with the Podfile.lock. Run 'pod install' or update your CocoaPods installation.\" >&2\n    exit 1\nfi\n# This output is used by Xcode 'outputs' to avoid re-running this script phase.\necho \"SUCCESS\" > \"${SCRIPT_OUTPUT_FILE_0}\"\n";
			showEnvVarsInLog = 0;
		};
		FA014744BF3C1B429D0D5D5E /* [CP] Check Pods Manifest.lock */ = {
			isa = PBXShellScriptBuildPhase;
			buildActionMask = 2147483647;
			files = (
			);
			inputFileListPaths = (
			);
			inputPaths = (
				"${PODS_PODFILE_DIR_PATH}/Podfile.lock",
				"${PODS_ROOT}/Manifest.lock",
			);
			name = "[CP] Check Pods Manifest.lock";
			outputFileListPaths = (
			);
			outputPaths = (
				"$(DERIVED_FILE_DIR)/Pods-PetSampleAppTests-checkManifestLockResult.txt",
			);
			runOnlyForDeploymentPostprocessing = 0;
			shellPath = /bin/sh;
			shellScript = "diff \"${PODS_PODFILE_DIR_PATH}/Podfile.lock\" \"${PODS_ROOT}/Manifest.lock\" > /dev/null\nif [ $? != 0 ] ; then\n    # print error to STDERR\n    echo \"error: The sandbox is not in sync with the Podfile.lock. Run 'pod install' or update your CocoaPods installation.\" >&2\n    exit 1\nfi\n# This output is used by Xcode 'outputs' to avoid re-running this script phase.\necho \"SUCCESS\" > \"${SCRIPT_OUTPUT_FILE_0}\"\n";
			showEnvVarsInLog = 0;
		};
/* End PBXShellScriptBuildPhase section */

/* Begin PBXSourcesBuildPhase section */
		C678A61A290EEFCA0007DAF6 /* Sources */ = {
			isa = PBXSourcesBuildPhase;
			buildActionMask = 2147483647;
			files = (
				C6DECE27290EF3AB002FAE23 /* PetDetailsViewController.swift in Sources */,
				C6DECDFC290EF397002FAE23 /* Observable.swift in Sources */,
				C678A622290EEFCA0007DAF6 /* AppDelegate.swift in Sources */,
				C6DECDF7290EF397002FAE23 /* Sectionable.swift in Sources */,
				C6DECE1A290EF3AB002FAE23 /* Navigation.swift in Sources */,
				C6DECE25290EF3AB002FAE23 /* Navigator.swift in Sources */,
				C6DECE2A290EF3AB002FAE23 /* PetsViewController.swift in Sources */,
				C6DECDFA290EF397002FAE23 /* CircularThumbnailView.swift in Sources */,
				C6DECE17290EF3AB002FAE23 /* Location.swift in Sources */,
				C6DECE24290EF3AB002FAE23 /* LocationService.swift in Sources */,
				C6DECDFB290EF397002FAE23 /* UIView.swift in Sources */,
				C6DECE18290EF3AB002FAE23 /* StatusCode.swift in Sources */,
				C6DECE20290EF3AB002FAE23 /* ImageCacheService.swift in Sources */,
				C6DECE23290EF3AB002FAE23 /* MediaService.swift in Sources */,
				C6DECDF6290EF397002FAE23 /* PetThumbnailDisplaying.swift in Sources */,
				C6DECDF9290EF397002FAE23 /* LoadingView.swift in Sources */,
				C6DECE29290EF3AB002FAE23 /* PetsViewModel.swift in Sources */,
				C6DECE1D290EF3AB002FAE23 /* Header.swift in Sources */,
				C678A624290EEFCA0007DAF6 /* SceneDelegate.swift in Sources */,
				C6DECE19290EF3AB002FAE23 /* LoadingState.swift in Sources */,
				C6DECE1E290EF3AB002FAE23 /* Pet.swift in Sources */,
				C6DECE28290EF3AB002FAE23 /* PetDetailsViewModel.swift in Sources */,
				C6DECE21290EF3AB002FAE23 /* NetworkService.swift in Sources */,
				C6DECE1C290EF3AB002FAE23 /* Method.swift in Sources */,
				C6DECE1F290EF3AB002FAE23 /* Endpoint.swift in Sources */,
				C6DECE26290EF3AB002FAE23 /* PetNavigationController.swift in Sources */,
				C6DECE22290EF3AB002FAE23 /* PetAPIService.swift in Sources */,
				C6DECE1B290EF3AB002FAE23 /* OAuth.swift in Sources */,
			);
			runOnlyForDeploymentPostprocessing = 0;
		};
		C678A630290EEFCB0007DAF6 /* Sources */ = {
			isa = PBXSourcesBuildPhase;
			buildActionMask = 2147483647;
			files = (
				C678A639290EEFCB0007DAF6 /* PetsViewModelTests.swift in Sources */,
			);
			runOnlyForDeploymentPostprocessing = 0;
		};
		C678A63A290EEFCB0007DAF6 /* Sources */ = {
			isa = PBXSourcesBuildPhase;
			buildActionMask = 2147483647;
			files = (
				C678A645290EEFCB0007DAF6 /* PetSampleAppUITestsLaunchTests.swift in Sources */,
				C678A643290EEFCB0007DAF6 /* PetSampleAppUITests.swift in Sources */,
			);
			runOnlyForDeploymentPostprocessing = 0;
		};
/* End PBXSourcesBuildPhase section */

/* Begin PBXTargetDependency section */
		C678A636290EEFCB0007DAF6 /* PBXTargetDependency */ = {
			isa = PBXTargetDependency;
			target = C678A61D290EEFCA0007DAF6 /* PetSampleApp */;
			targetProxy = C678A635290EEFCB0007DAF6 /* PBXContainerItemProxy */;
		};
		C678A640290EEFCB0007DAF6 /* PBXTargetDependency */ = {
			isa = PBXTargetDependency;
			target = C678A61D290EEFCA0007DAF6 /* PetSampleApp */;
			targetProxy = C678A63F290EEFCB0007DAF6 /* PBXContainerItemProxy */;
		};
/* End PBXTargetDependency section */

/* Begin PBXVariantGroup section */
		C678A627290EEFCA0007DAF6 /* Main.storyboard */ = {
			isa = PBXVariantGroup;
			children = (
				C678A628290EEFCA0007DAF6 /* Base */,
			);
			name = Main.storyboard;
			sourceTree = "<group>";
		};
		C678A62C290EEFCB0007DAF6 /* LaunchScreen.storyboard */ = {
			isa = PBXVariantGroup;
			children = (
				C678A62D290EEFCB0007DAF6 /* Base */,
			);
			name = LaunchScreen.storyboard;
			sourceTree = "<group>";
		};
/* End PBXVariantGroup section */

/* Begin XCBuildConfiguration section */
		C678A646290EEFCB0007DAF6 /* Debug */ = {
			isa = XCBuildConfiguration;
			buildSettings = {
				ALWAYS_SEARCH_USER_PATHS = NO;
				CLANG_ANALYZER_NONNULL = YES;
				CLANG_ANALYZER_NUMBER_OBJECT_CONVERSION = YES_AGGRESSIVE;
				CLANG_CXX_LANGUAGE_STANDARD = "gnu++20";
				CLANG_ENABLE_MODULES = YES;
				CLANG_ENABLE_OBJC_ARC = YES;
				CLANG_ENABLE_OBJC_WEAK = YES;
				CLANG_WARN_BLOCK_CAPTURE_AUTORELEASING = YES;
				CLANG_WARN_BOOL_CONVERSION = YES;
				CLANG_WARN_COMMA = YES;
				CLANG_WARN_CONSTANT_CONVERSION = YES;
				CLANG_WARN_DEPRECATED_OBJC_IMPLEMENTATIONS = YES;
				CLANG_WARN_DIRECT_OBJC_ISA_USAGE = YES_ERROR;
				CLANG_WARN_DOCUMENTATION_COMMENTS = YES;
				CLANG_WARN_EMPTY_BODY = YES;
				CLANG_WARN_ENUM_CONVERSION = YES;
				CLANG_WARN_INFINITE_RECURSION = YES;
				CLANG_WARN_INT_CONVERSION = YES;
				CLANG_WARN_NON_LITERAL_NULL_CONVERSION = YES;
				CLANG_WARN_OBJC_IMPLICIT_RETAIN_SELF = YES;
				CLANG_WARN_OBJC_LITERAL_CONVERSION = YES;
				CLANG_WARN_OBJC_ROOT_CLASS = YES_ERROR;
				CLANG_WARN_QUOTED_INCLUDE_IN_FRAMEWORK_HEADER = YES;
				CLANG_WARN_RANGE_LOOP_ANALYSIS = YES;
				CLANG_WARN_STRICT_PROTOTYPES = YES;
				CLANG_WARN_SUSPICIOUS_MOVE = YES;
				CLANG_WARN_UNGUARDED_AVAILABILITY = YES_AGGRESSIVE;
				CLANG_WARN_UNREACHABLE_CODE = YES;
				CLANG_WARN__DUPLICATE_METHOD_MATCH = YES;
				COPY_PHASE_STRIP = NO;
				DEBUG_INFORMATION_FORMAT = dwarf;
				ENABLE_STRICT_OBJC_MSGSEND = YES;
				ENABLE_TESTABILITY = YES;
				GCC_C_LANGUAGE_STANDARD = gnu11;
				GCC_DYNAMIC_NO_PIC = NO;
				GCC_NO_COMMON_BLOCKS = YES;
				GCC_OPTIMIZATION_LEVEL = 0;
				GCC_PREPROCESSOR_DEFINITIONS = (
					"DEBUG=1",
					"$(inherited)",
				);
				GCC_WARN_64_TO_32_BIT_CONVERSION = YES;
				GCC_WARN_ABOUT_RETURN_TYPE = YES_ERROR;
				GCC_WARN_UNDECLARED_SELECTOR = YES;
				GCC_WARN_UNINITIALIZED_AUTOS = YES_AGGRESSIVE;
				GCC_WARN_UNUSED_FUNCTION = YES;
				GCC_WARN_UNUSED_VARIABLE = YES;
				IPHONEOS_DEPLOYMENT_TARGET = 16.0;
				MTL_ENABLE_DEBUG_INFO = INCLUDE_SOURCE;
				MTL_FAST_MATH = YES;
				ONLY_ACTIVE_ARCH = YES;
				SDKROOT = iphoneos;
				SWIFT_ACTIVE_COMPILATION_CONDITIONS = DEBUG;
				SWIFT_OPTIMIZATION_LEVEL = "-Onone";
			};
			name = Debug;
		};
		C678A647290EEFCB0007DAF6 /* Release */ = {
			isa = XCBuildConfiguration;
			buildSettings = {
				ALWAYS_SEARCH_USER_PATHS = NO;
				CLANG_ANALYZER_NONNULL = YES;
				CLANG_ANALYZER_NUMBER_OBJECT_CONVERSION = YES_AGGRESSIVE;
				CLANG_CXX_LANGUAGE_STANDARD = "gnu++20";
				CLANG_ENABLE_MODULES = YES;
				CLANG_ENABLE_OBJC_ARC = YES;
				CLANG_ENABLE_OBJC_WEAK = YES;
				CLANG_WARN_BLOCK_CAPTURE_AUTORELEASING = YES;
				CLANG_WARN_BOOL_CONVERSION = YES;
				CLANG_WARN_COMMA = YES;
				CLANG_WARN_CONSTANT_CONVERSION = YES;
				CLANG_WARN_DEPRECATED_OBJC_IMPLEMENTATIONS = YES;
				CLANG_WARN_DIRECT_OBJC_ISA_USAGE = YES_ERROR;
				CLANG_WARN_DOCUMENTATION_COMMENTS = YES;
				CLANG_WARN_EMPTY_BODY = YES;
				CLANG_WARN_ENUM_CONVERSION = YES;
				CLANG_WARN_INFINITE_RECURSION = YES;
				CLANG_WARN_INT_CONVERSION = YES;
				CLANG_WARN_NON_LITERAL_NULL_CONVERSION = YES;
				CLANG_WARN_OBJC_IMPLICIT_RETAIN_SELF = YES;
				CLANG_WARN_OBJC_LITERAL_CONVERSION = YES;
				CLANG_WARN_OBJC_ROOT_CLASS = YES_ERROR;
				CLANG_WARN_QUOTED_INCLUDE_IN_FRAMEWORK_HEADER = YES;
				CLANG_WARN_RANGE_LOOP_ANALYSIS = YES;
				CLANG_WARN_STRICT_PROTOTYPES = YES;
				CLANG_WARN_SUSPICIOUS_MOVE = YES;
				CLANG_WARN_UNGUARDED_AVAILABILITY = YES_AGGRESSIVE;
				CLANG_WARN_UNREACHABLE_CODE = YES;
				CLANG_WARN__DUPLICATE_METHOD_MATCH = YES;
				COPY_PHASE_STRIP = NO;
				DEBUG_INFORMATION_FORMAT = "dwarf-with-dsym";
				ENABLE_NS_ASSERTIONS = NO;
				ENABLE_STRICT_OBJC_MSGSEND = YES;
				GCC_C_LANGUAGE_STANDARD = gnu11;
				GCC_NO_COMMON_BLOCKS = YES;
				GCC_WARN_64_TO_32_BIT_CONVERSION = YES;
				GCC_WARN_ABOUT_RETURN_TYPE = YES_ERROR;
				GCC_WARN_UNDECLARED_SELECTOR = YES;
				GCC_WARN_UNINITIALIZED_AUTOS = YES_AGGRESSIVE;
				GCC_WARN_UNUSED_FUNCTION = YES;
				GCC_WARN_UNUSED_VARIABLE = YES;
				IPHONEOS_DEPLOYMENT_TARGET = 16.0;
				MTL_ENABLE_DEBUG_INFO = NO;
				MTL_FAST_MATH = YES;
				SDKROOT = iphoneos;
				SWIFT_COMPILATION_MODE = wholemodule;
				SWIFT_OPTIMIZATION_LEVEL = "-O";
				VALIDATE_PRODUCT = YES;
			};
			name = Release;
		};
		C678A649290EEFCB0007DAF6 /* Debug */ = {
			isa = XCBuildConfiguration;
			baseConfigurationReference = 3020512841BC17C744621D2D /* Pods-PetSampleApp.debug.xcconfig */;
			buildSettings = {
				ASSETCATALOG_COMPILER_APPICON_NAME = AppIcon;
				ASSETCATALOG_COMPILER_GLOBAL_ACCENT_COLOR_NAME = AccentColor;
				CODE_SIGN_STYLE = Automatic;
				CURRENT_PROJECT_VERSION = 1;
				DEVELOPMENT_TEAM = MT7QYJ29JP;
				GENERATE_INFOPLIST_FILE = YES;
				INFOPLIST_FILE = PetSampleApp/Info.plist;
				INFOPLIST_KEY_UIApplicationSupportsIndirectInputEvents = YES;
				INFOPLIST_KEY_UILaunchStoryboardName = LaunchScreen;
				INFOPLIST_KEY_UIMainStoryboardFile = Main;
				INFOPLIST_KEY_UISupportedInterfaceOrientations_iPad = "UIInterfaceOrientationPortrait UIInterfaceOrientationPortraitUpsideDown UIInterfaceOrientationLandscapeLeft UIInterfaceOrientationLandscapeRight";
				INFOPLIST_KEY_UISupportedInterfaceOrientations_iPhone = "UIInterfaceOrientationPortrait UIInterfaceOrientationLandscapeLeft UIInterfaceOrientationLandscapeRight";
				IPHONEOS_DEPLOYMENT_TARGET = 14.0;
				LD_RUNPATH_SEARCH_PATHS = (
					"$(inherited)",
					"@executable_path/Frameworks",
				);
				MARKETING_VERSION = 1.0;
				PRODUCT_BUNDLE_IDENTIFIER = "ionut-lucaci.PetSampleApp";
				PRODUCT_NAME = "$(TARGET_NAME)";
				SWIFT_EMIT_LOC_STRINGS = YES;
				SWIFT_VERSION = 5.0;
				TARGETED_DEVICE_FAMILY = "1,2";
			};
			name = Debug;
		};
		C678A64A290EEFCB0007DAF6 /* Release */ = {
			isa = XCBuildConfiguration;
			baseConfigurationReference = 907B8DBEEFB51C809345219F /* Pods-PetSampleApp.release.xcconfig */;
			buildSettings = {
				ASSETCATALOG_COMPILER_APPICON_NAME = AppIcon;
				ASSETCATALOG_COMPILER_GLOBAL_ACCENT_COLOR_NAME = AccentColor;
				CODE_SIGN_STYLE = Automatic;
				CURRENT_PROJECT_VERSION = 1;
				DEVELOPMENT_TEAM = MT7QYJ29JP;
				GENERATE_INFOPLIST_FILE = YES;
				INFOPLIST_FILE = PetSampleApp/Info.plist;
				INFOPLIST_KEY_UIApplicationSupportsIndirectInputEvents = YES;
				INFOPLIST_KEY_UILaunchStoryboardName = LaunchScreen;
				INFOPLIST_KEY_UIMainStoryboardFile = Main;
				INFOPLIST_KEY_UISupportedInterfaceOrientations_iPad = "UIInterfaceOrientationPortrait UIInterfaceOrientationPortraitUpsideDown UIInterfaceOrientationLandscapeLeft UIInterfaceOrientationLandscapeRight";
				INFOPLIST_KEY_UISupportedInterfaceOrientations_iPhone = "UIInterfaceOrientationPortrait UIInterfaceOrientationLandscapeLeft UIInterfaceOrientationLandscapeRight";
				IPHONEOS_DEPLOYMENT_TARGET = 14.0;
				LD_RUNPATH_SEARCH_PATHS = (
					"$(inherited)",
					"@executable_path/Frameworks",
				);
				MARKETING_VERSION = 1.0;
				PRODUCT_BUNDLE_IDENTIFIER = "ionut-lucaci.PetSampleApp";
				PRODUCT_NAME = "$(TARGET_NAME)";
				SWIFT_EMIT_LOC_STRINGS = YES;
				SWIFT_VERSION = 5.0;
				TARGETED_DEVICE_FAMILY = "1,2";
			};
			name = Release;
		};
		C678A64C290EEFCB0007DAF6 /* Debug */ = {
			isa = XCBuildConfiguration;
			baseConfigurationReference = E8F0F48409D0A93ED034AB71 /* Pods-PetSampleAppTests.debug.xcconfig */;
			buildSettings = {
				BUNDLE_LOADER = "$(TEST_HOST)";
				CODE_SIGN_STYLE = Automatic;
				CURRENT_PROJECT_VERSION = 1;
				DEVELOPMENT_TEAM = MT7QYJ29JP;
				GENERATE_INFOPLIST_FILE = YES;
				IPHONEOS_DEPLOYMENT_TARGET = 14.0;
				MARKETING_VERSION = 1.0;
				PRODUCT_BUNDLE_IDENTIFIER = "ionut-lucaci.PetSampleAppTests";
				PRODUCT_NAME = "$(TARGET_NAME)";
				SWIFT_EMIT_LOC_STRINGS = NO;
				SWIFT_VERSION = 5.0;
				TARGETED_DEVICE_FAMILY = "1,2";
				TEST_HOST = "$(BUILT_PRODUCTS_DIR)/PetSampleApp.app/$(BUNDLE_EXECUTABLE_FOLDER_PATH)/PetSampleApp";
			};
			name = Debug;
		};
		C678A64D290EEFCB0007DAF6 /* Release */ = {
			isa = XCBuildConfiguration;
			baseConfigurationReference = C3DC0839A6C85141828309FB /* Pods-PetSampleAppTests.release.xcconfig */;
			buildSettings = {
				BUNDLE_LOADER = "$(TEST_HOST)";
				CODE_SIGN_STYLE = Automatic;
				CURRENT_PROJECT_VERSION = 1;
				DEVELOPMENT_TEAM = MT7QYJ29JP;
				GENERATE_INFOPLIST_FILE = YES;
				IPHONEOS_DEPLOYMENT_TARGET = 14.0;
				MARKETING_VERSION = 1.0;
				PRODUCT_BUNDLE_IDENTIFIER = "ionut-lucaci.PetSampleAppTests";
				PRODUCT_NAME = "$(TARGET_NAME)";
				SWIFT_EMIT_LOC_STRINGS = NO;
				SWIFT_VERSION = 5.0;
				TARGETED_DEVICE_FAMILY = "1,2";
				TEST_HOST = "$(BUILT_PRODUCTS_DIR)/PetSampleApp.app/$(BUNDLE_EXECUTABLE_FOLDER_PATH)/PetSampleApp";
			};
			name = Release;
		};
		C678A64F290EEFCB0007DAF6 /* Debug */ = {
			isa = XCBuildConfiguration;
			baseConfigurationReference = 0014CFCB803341F18F258638 /* Pods-PetSampleApp-PetSampleAppUITests.debug.xcconfig */;
			buildSettings = {
				CODE_SIGN_STYLE = Automatic;
				CURRENT_PROJECT_VERSION = 1;
				DEVELOPMENT_TEAM = MT7QYJ29JP;
				GENERATE_INFOPLIST_FILE = YES;
				IPHONEOS_DEPLOYMENT_TARGET = 14.0;
				MARKETING_VERSION = 1.0;
				PRODUCT_BUNDLE_IDENTIFIER = "ionut-lucaci.PetSampleAppUITests";
				PRODUCT_NAME = "$(TARGET_NAME)";
				SWIFT_EMIT_LOC_STRINGS = NO;
				SWIFT_VERSION = 5.0;
				TARGETED_DEVICE_FAMILY = "1,2";
				TEST_TARGET_NAME = PetSampleApp;
			};
			name = Debug;
		};
		C678A650290EEFCB0007DAF6 /* Release */ = {
			isa = XCBuildConfiguration;
			baseConfigurationReference = BF31DB21B27596A943139C98 /* Pods-PetSampleApp-PetSampleAppUITests.release.xcconfig */;
			buildSettings = {
				CODE_SIGN_STYLE = Automatic;
				CURRENT_PROJECT_VERSION = 1;
				DEVELOPMENT_TEAM = MT7QYJ29JP;
				GENERATE_INFOPLIST_FILE = YES;
				IPHONEOS_DEPLOYMENT_TARGET = 14.0;
				MARKETING_VERSION = 1.0;
				PRODUCT_BUNDLE_IDENTIFIER = "ionut-lucaci.PetSampleAppUITests";
				PRODUCT_NAME = "$(TARGET_NAME)";
				SWIFT_EMIT_LOC_STRINGS = NO;
				SWIFT_VERSION = 5.0;
				TARGETED_DEVICE_FAMILY = "1,2";
				TEST_TARGET_NAME = PetSampleApp;
			};
			name = Release;
		};
/* End XCBuildConfiguration section */

/* Begin XCConfigurationList section */
		C678A619290EEFCA0007DAF6 /* Build configuration list for PBXProject "PetSampleApp" */ = {
			isa = XCConfigurationList;
			buildConfigurations = (
				C678A646290EEFCB0007DAF6 /* Debug */,
				C678A647290EEFCB0007DAF6 /* Release */,
			);
			defaultConfigurationIsVisible = 0;
			defaultConfigurationName = Release;
		};
		C678A648290EEFCB0007DAF6 /* Build configuration list for PBXNativeTarget "PetSampleApp" */ = {
			isa = XCConfigurationList;
			buildConfigurations = (
				C678A649290EEFCB0007DAF6 /* Debug */,
				C678A64A290EEFCB0007DAF6 /* Release */,
			);
			defaultConfigurationIsVisible = 0;
			defaultConfigurationName = Release;
		};
		C678A64B290EEFCB0007DAF6 /* Build configuration list for PBXNativeTarget "PetSampleAppTests" */ = {
			isa = XCConfigurationList;
			buildConfigurations = (
				C678A64C290EEFCB0007DAF6 /* Debug */,
				C678A64D290EEFCB0007DAF6 /* Release */,
			);
			defaultConfigurationIsVisible = 0;
			defaultConfigurationName = Release;
		};
		C678A64E290EEFCB0007DAF6 /* Build configuration list for PBXNativeTarget "PetSampleAppUITests" */ = {
			isa = XCConfigurationList;
			buildConfigurations = (
				C678A64F290EEFCB0007DAF6 /* Debug */,
				C678A650290EEFCB0007DAF6 /* Release */,
			);
			defaultConfigurationIsVisible = 0;
			defaultConfigurationName = Release;
		};
/* End XCConfigurationList section */
	};
	rootObject = C678A616290EEFCA0007DAF6 /* Project object */;
}
